
Microsoft Visual Studio Solution File, Format Version 12.00
# Visual Studio Version 17
VisualStudioVersion = 17.13.35828.75 d17.13
MinimumVisualStudioVersion = 10.0.40219.1
Project("{FAE04EC0-301F-11D3-BF4B-00C04F79EFBC}") = "OcpViolationApp", "OcpViolationApp\OcpViolationApp.csproj", "{15B94631-AA53-4424-B6FC-BE1144E2ACA6}"
EndProject
Project("{FAE04EC0-301F-11D3-BF4B-00C04F79EFBC}") = "OcpRefactoredApp", "OcpRefactoredApp\OcpRefactoredApp.csproj", "{A82537F4-5BDD-480A-AB1D-22A8740B0FA1}"
EndProject
Global
	GlobalSection(SolutionConfigurationPlatforms) = preSolution
		Debug|Any CPU = Debug|Any CPU
		Release|Any CPU = Release|Any CPU
	EndGlobalSection
	GlobalSection(ProjectConfigurationPlatforms) = postSolution
		{15B94631-AA53-4424-B6FC-BE1144E2ACA6}.Debug|Any CPU.ActiveCfg = Debug|Any CPU
		{15B94631-AA53-4424-B6FC-BE1144E2ACA6}.Debug|Any CPU.Build.0 = Debug|Any CPU
		{15B94631-AA53-4424-B6FC-BE1144E2ACA6}.Release|Any CPU.ActiveCfg = Release|Any CPU
		{15B94631-AA53-4424-B6FC-BE1144E2ACA6}.Release|Any CPU.Build.0 = Release|Any CPU
		{A82537F4-5BDD-480A-AB1D-22A8740B0FA1}.Debug|Any CPU.ActiveCfg = Debug|Any CPU
		{A82537F4-5BDD-480A-AB1D-22A8740B0FA1}.Debug|Any CPU.Build.0 = Debug|Any CPU
		{A82537F4-5BDD-480A-AB1D-22A8740B0FA1}.Release|Any CPU.ActiveCfg = Release|Any CPU
		{A82537F4-5BDD-480A-AB1D-22A8740B0FA1}.Release|Any CPU.Build.0 = Release|Any CPU
	EndGlobalSection
	GlobalSection(SolutionProperties) = preSolution
		HideSolutionNode = FALSE
	EndGlobalSection
	GlobalSection(ExtensibilityGlobals) = postSolution
		SolutionGuid = {57BBEEC5-7D22-4645-979E-B45D1DD6470E}
	EndGlobalSection
EndGlobal
