
Microsoft Visual Studio Solution File, Format Version 12.00
# Visual Studio Version 17
VisualStudioVersion = 17.13.35828.75
MinimumVisualStudioVersion = 10.0.40219.1
Project("{FAE04EC0-301F-11D3-BF4B-00C04F79EFBC}") = "LSPViolation", "LSPViolation\LSPViolation.csproj", "{7E5DD92E-B4D2-40E5-AA34-468C61A65C57}"
EndProject
Project("{FAE04EC0-301F-11D3-BF4B-00C04F79EFBC}") = "LSPRefactored", "LSPRefactored\LSPRefactored.csproj", "{3154953D-3301-4650-9A98-47BB01E5EBC2}"
EndProject
Global
	GlobalSection(SolutionConfigurationPlatforms) = preSolution
		Debug|Any CPU = Debug|Any CPU
		Release|Any CPU = Release|Any CPU
	EndGlobalSection
	GlobalSection(ProjectConfigurationPlatforms) = postSolution
		{7E5DD92E-B4D2-40E5-AA34-468C61A65C57}.Debug|Any CPU.ActiveCfg = Debug|Any CPU
		{7E5DD92E-B4D2-40E5-AA34-468C61A65C57}.Debug|Any CPU.Build.0 = Debug|Any CPU
		{7E5DD92E-B4D2-40E5-AA34-468C61A65C57}.Release|Any CPU.ActiveCfg = Release|Any CPU
		{7E5DD92E-B4D2-40E5-AA34-468C61A65C57}.Release|Any CPU.Build.0 = Release|Any CPU
		{3154953D-3301-4650-9A98-47BB01E5EBC2}.Debug|Any CPU.ActiveCfg = Debug|Any CPU
		{3154953D-3301-4650-9A98-47BB01E5EBC2}.Debug|Any CPU.Build.0 = Debug|Any CPU
		{3154953D-3301-4650-9A98-47BB01E5EBC2}.Release|Any CPU.ActiveCfg = Release|Any CPU
		{3154953D-3301-4650-9A98-47BB01E5EBC2}.Release|Any CPU.Build.0 = Release|Any CPU
	EndGlobalSection
	GlobalSection(SolutionProperties) = preSolution
		HideSolutionNode = FALSE
	EndGlobalSection
	GlobalSection(ExtensibilityGlobals) = postSolution
		SolutionGuid = {21CBAAFF-8FB7-459B-8826-144912F46B39}
	EndGlobalSection
EndGlobal
